
Microsoft Visual Studio Solution File, Format Version 12.00
# Visual Studio Version 16
VisualStudioVersion = 16.0.30503.244
MinimumVisualStudioVersion = 10.0.40219.1
Project("{FAE04EC0-301F-11D3-BF4B-00C04F79EFBC}") = "CatsAndDogsOop", "CatsAndDogsOop\CatsAndDogsOop.csproj", "{42936A0A-4F43-459B-8A88-FA5DB32DBE19}"
EndProject
Global
	GlobalSection(SolutionConfigurationPlatforms) = preSolution
		Debug|Any CPU = Debug|Any CPU
		Release|Any CPU = Release|Any CPU
	EndGlobalSection
	GlobalSection(ProjectConfigurationPlatforms) = postSolution
		{42936A0A-4F43-459B-8A88-FA5DB32DBE19}.Debug|Any CPU.ActiveCfg = Debug|Any CPU
		{42936A0A-4F43-459B-8A88-FA5DB32DBE19}.Debug|Any CPU.Build.0 = Debug|Any CPU
		{42936A0A-4F43-459B-8A88-FA5DB32DBE19}.Release|Any CPU.ActiveCfg = Release|Any CPU
		{42936A0A-4F43-459B-8A88-FA5DB32DBE19}.Release|Any CPU.Build.0 = Release|Any CPU
	EndGlobalSection
	GlobalSection(SolutionProperties) = preSolution
		HideSolutionNode = FALSE
	EndGlobalSection
	GlobalSection(ExtensibilityGlobals) = postSolution
		SolutionGuid = {3ACE3CFE-5799-4121-B462-5F6B788610B7}
	EndGlobalSection
EndGlobal
